
Microsoft Visual Studio Solution File, Format Version 12.00
# Visual Studio Version 16
VisualStudioVersion = 16.0.30804.86
MinimumVisualStudioVersion = 10.0.40219.1
Project("{9A19103F-16F7-4668-BE54-9A1E7A4F7556}") = "USMS", "USMS\USMS.csproj", "{20DF1B8F-3CC2-4A20-9C17-637F9E6EB585}"
EndProject
Global
	GlobalSection(SolutionConfigurationPlatforms) = preSolution
		Debug|Any CPU = Debug|Any CPU
		Release|Any CPU = Release|Any CPU
	EndGlobalSection
	GlobalSection(ProjectConfigurationPlatforms) = postSolution
		{20DF1B8F-3CC2-4A20-9C17-637F9E6EB585}.Debug|Any CPU.ActiveCfg = Debug|Any CPU
		{20DF1B8F-3CC2-4A20-9C17-637F9E6EB585}.Debug|Any CPU.Build.0 = Debug|Any CPU
		{20DF1B8F-3CC2-4A20-9C17-637F9E6EB585}.Release|Any CPU.ActiveCfg = Release|Any CPU
		{20DF1B8F-3CC2-4A20-9C17-637F9E6EB585}.Release|Any CPU.Build.0 = Release|Any CPU
	EndGlobalSection
	GlobalSection(SolutionProperties) = preSolution
		HideSolutionNode = FALSE
	EndGlobalSection
	GlobalSection(ExtensibilityGlobals) = postSolution
		SolutionGuid = {E116DAC4-77F9-43A5-A907-C18F17370221}
	EndGlobalSection
EndGlobal
